
Microsoft Visual Studio Solution File, Format Version 12.00
# Visual Studio Version 17
VisualStudioVersion = 17.1.32210.238
MinimumVisualStudioVersion = 10.0.40219.1
Project("{FAE04EC0-301F-11D3-BF4B-00C04F79EFBC}") = "HotelManagement_ADO", "HotelManagement_ADO\HotelManagement_ADO.csproj", "{7316F3C6-1A80-4988-B76F-688940BC0969}"
EndProject
Global
	GlobalSection(SolutionConfigurationPlatforms) = preSolution
		Debug|Any CPU = Debug|Any CPU
		Release|Any CPU = Release|Any CPU
	EndGlobalSection
	GlobalSection(ProjectConfigurationPlatforms) = postSolution
		{7316F3C6-1A80-4988-B76F-688940BC0969}.Debug|Any CPU.ActiveCfg = Debug|Any CPU
		{7316F3C6-1A80-4988-B76F-688940BC0969}.Debug|Any CPU.Build.0 = Debug|Any CPU
		{7316F3C6-1A80-4988-B76F-688940BC0969}.Release|Any CPU.ActiveCfg = Release|Any CPU
		{7316F3C6-1A80-4988-B76F-688940BC0969}.Release|Any CPU.Build.0 = Release|Any CPU
	EndGlobalSection
	GlobalSection(SolutionProperties) = preSolution
		HideSolutionNode = FALSE
	EndGlobalSection
	GlobalSection(ExtensibilityGlobals) = postSolution
		SolutionGuid = {BE2784DB-7FDF-40D5-9838-1511D4D9F38D}
	EndGlobalSection
EndGlobal
